// !$*UTF8*$!
{
	archiveVersion = 1;
	classes = {
	};
	objectVersion = 48;
	objects = {

/* Begin PBXBuildFile section */
		6391717B1FD3FA5800F3A6C9 /* AppDelegate.swift in Sources */ = {isa = PBXBuildFile; fileRef = 6391717A1FD3FA5800F3A6C9 /* AppDelegate.swift */; };
		6391717D1FD3FA5800F3A6C9 /* ViewController.swift in Sources */ = {isa = PBXBuildFile; fileRef = 6391717C1FD3FA5800F3A6C9 /* ViewController.swift */; };
		639171801FD3FA5800F3A6C9 /* Main.storyboard in Resources */ = {isa = PBXBuildFile; fileRef = 6391717E1FD3FA5800F3A6C9 /* Main.storyboard */; };
		639171821FD3FA5800F3A6C9 /* Assets.xcassets in Resources */ = {isa = PBXBuildFile; fileRef = 639171811FD3FA5800F3A6C9 /* Assets.xcassets */; };
		639171851FD3FA5800F3A6C9 /* LaunchScreen.storyboard in Resources */ = {isa = PBXBuildFile; fileRef = 639171831FD3FA5800F3A6C9 /* LaunchScreen.storyboard */; };
		639171901FD3FA5800F3A6C9 /* testMLTests.swift in Sources */ = {isa = PBXBuildFile; fileRef = 6391718F1FD3FA5800F3A6C9 /* testMLTests.swift */; };
		6391719B1FD3FA5800F3A6C9 /* testMLUITests.swift in Sources */ = {isa = PBXBuildFile; fileRef = 6391719A1FD3FA5800F3A6C9 /* testMLUITests.swift */; };
		639171AB1FD3FE4D00F3A6C9 /* Resnet50.mlmodel in Sources */ = {isa = PBXBuildFile; fileRef = 639171AA1FD3FE4D00F3A6C9 /* Resnet50.mlmodel */; };
/* End PBXBuildFile section */

/* Begin PBXContainerItemProxy section */
		6391718C1FD3FA5800F3A6C9 /* PBXContainerItemProxy */ = {
			isa = PBXContainerItemProxy;
			containerPortal = 6391716F1FD3FA5800F3A6C9 /* Project object */;
			proxyType = 1;
			remoteGlobalIDString = 639171761FD3FA5800F3A6C9;
			remoteInfo = testML;
		};
		639171971FD3FA5800F3A6C9 /* PBXContainerItemProxy */ = {
			isa = PBXContainerItemProxy;
			containerPortal = 6391716F1FD3FA5800F3A6C9 /* Project object */;
			proxyType = 1;
			remoteGlobalIDString = 639171761FD3FA5800F3A6C9;
			remoteInfo = testML;
		};
/* End PBXContainerItemProxy section */

/* Begin PBXFileReference section */
		639171771FD3FA5800F3A6C9 /* testML.app */ = {isa = PBXFileReference; explicitFileType = wrapper.application; includeInIndex = 0; path = testML.app; sourceTree = BUILT_PRODUCTS_DIR; };
		6391717A1FD3FA5800F3A6C9 /* AppDelegate.swift */ = {isa = PBXFileReference; lastKnownFileType = sourcecode.swift; path = AppDelegate.swift; sourceTree = "<group>"; };
		6391717C1FD3FA5800F3A6C9 /* ViewController.swift */ = {isa = PBXFileReference; lastKnownFileType = sourcecode.swift; path = ViewController.swift; sourceTree = "<group>"; };
		6391717F1FD3FA5800F3A6C9 /* Base */ = {isa = PBXFileReference; lastKnownFileType = file.storyboard; name = Base; path = Base.lproj/Main.storyboard; sourceTree = "<group>"; };
		639171811FD3FA5800F3A6C9 /* Assets.xcassets */ = {isa = PBXFileReference; lastKnownFileType = folder.assetcatalog; path = Assets.xcassets; sourceTree = "<group>"; };
		639171841FD3FA5800F3A6C9 /* Base */ = {isa = PBXFileReference; lastKnownFileType = file.storyboard; name = Base; path = Base.lproj/LaunchScreen.storyboard; sourceTree = "<group>"; };
		639171861FD3FA5800F3A6C9 /* Info.plist */ = {isa = PBXFileReference; lastKnownFileType = text.plist.xml; path = Info.plist; sourceTree = "<group>"; };
		6391718B1FD3FA5800F3A6C9 /* testMLTests.xctest */ = {isa = PBXFileReference; explicitFileType = wrapper.cfbundle; includeInIndex = 0; path = testMLTests.xctest; sourceTree = BUILT_PRODUCTS_DIR; };
		6391718F1FD3FA5800F3A6C9 /* testMLTests.swift */ = {isa = PBXFileReference; lastKnownFileType = sourcecode.swift; path = testMLTests.swift; sourceTree = "<group>"; };
		639171911FD3FA5800F3A6C9 /* Info.plist */ = {isa = PBXFileReference; lastKnownFileType = text.plist.xml; path = Info.plist; sourceTree = "<group>"; };
		639171961FD3FA5800F3A6C9 /* testMLUITests.xctest */ = {isa = PBXFileReference; explicitFileType = wrapper.cfbundle; includeInIndex = 0; path = testMLUITests.xctest; sourceTree = BUILT_PRODUCTS_DIR; };
		6391719A1FD3FA5800F3A6C9 /* testMLUITests.swift */ = {isa = PBXFileReference; lastKnownFileType = sourcecode.swift; path = testMLUITests.swift; sourceTree = "<group>"; };
		6391719C1FD3FA5800F3A6C9 /* Info.plist */ = {isa = PBXFileReference; lastKnownFileType = text.plist.xml; path = Info.plist; sourceTree = "<group>"; };
		639171AA1FD3FE4D00F3A6C9 /* Resnet50.mlmodel */ = {isa = PBXFileReference; lastKnownFileType = file.mlmodel; path = Resnet50.mlmodel; sourceTree = "<group>"; };
/* End PBXFileReference section */

/* Begin PBXFrameworksBuildPhase section */
		639171741FD3FA5800F3A6C9 /* Frameworks */ = {
			isa = PBXFrameworksBuildPhase;
			buildActionMask = 2147483647;
			files = (
			);
			runOnlyForDeploymentPostprocessing = 0;
		};
		639171881FD3FA5800F3A6C9 /* Frameworks */ = {
			isa = PBXFrameworksBuildPhase;
			buildActionMask = 2147483647;
			files = (
			);
			runOnlyForDeploymentPostprocessing = 0;
		};
		639171931FD3FA5800F3A6C9 /* Frameworks */ = {
			isa = PBXFrameworksBuildPhase;
			buildActionMask = 2147483647;
			files = (
			);
			runOnlyForDeploymentPostprocessing = 0;
		};
/* End PBXFrameworksBuildPhase section */

/* Begin PBXGroup section */
		6391716E1FD3FA5800F3A6C9 = {
			isa = PBXGroup;
			children = (
				639171791FD3FA5800F3A6C9 /* testML */,
				6391718E1FD3FA5800F3A6C9 /* testMLTests */,
				639171991FD3FA5800F3A6C9 /* testMLUITests */,
				639171781FD3FA5800F3A6C9 /* Products */,
			);
			sourceTree = "<group>";
		};
		639171781FD3FA5800F3A6C9 /* Products */ = {
			isa = PBXGroup;
			children = (
				639171771FD3FA5800F3A6C9 /* testML.app */,
				6391718B1FD3FA5800F3A6C9 /* testMLTests.xctest */,
				639171961FD3FA5800F3A6C9 /* testMLUITests.xctest */,
			);
			name = Products;
			sourceTree = "<group>";
		};
		639171791FD3FA5800F3A6C9 /* testML */ = {
			isa = PBXGroup;
			children = (
				6391717A1FD3FA5800F3A6C9 /* AppDelegate.swift */,
				6391717C1FD3FA5800F3A6C9 /* ViewController.swift */,
				639171AA1FD3FE4D00F3A6C9 /* Resnet50.mlmodel */,
				6391717E1FD3FA5800F3A6C9 /* Main.storyboard */,
				639171811FD3FA5800F3A6C9 /* Assets.xcassets */,
				639171831FD3FA5800F3A6C9 /* LaunchScreen.storyboard */,
				639171861FD3FA5800F3A6C9 /* Info.plist */,
			);
			path = testML;
			sourceTree = "<group>";
		};
		6391718E1FD3FA5800F3A6C9 /* testMLTests */ = {
			isa = PBXGroup;
			children = (
				6391718F1FD3FA5800F3A6C9 /* testMLTests.swift */,
				639171911FD3FA5800F3A6C9 /* Info.plist */,
			);
			path = testMLTests;
			sourceTree = "<group>";
		};
		639171991FD3FA5800F3A6C9 /* testMLUITests */ = {
			isa = PBXGroup;
			children = (
				6391719A1FD3FA5800F3A6C9 /* testMLUITests.swift */,
				6391719C1FD3FA5800F3A6C9 /* Info.plist */,
			);
			path = testMLUITests;
			sourceTree = "<group>";
		};
/* End PBXGroup section */

/* Begin PBXNativeTarget section */
		639171761FD3FA5800F3A6C9 /* testML */ = {
			isa = PBXNativeTarget;
			buildConfigurationList = 6391719F1FD3FA5800F3A6C9 /* Build configuration list for PBXNativeTarget "testML" */;
			buildPhases = (
				639171731FD3FA5800F3A6C9 /* Sources */,
				639171741FD3FA5800F3A6C9 /* Frameworks */,
				639171751FD3FA5800F3A6C9 /* Resources */,
			);
			buildRules = (
			);
			dependencies = (
			);
			name = testML;
			productName = testML;
			productReference = 639171771FD3FA5800F3A6C9 /* testML.app */;
			productType = "com.apple.product-type.application";
		};
		6391718A1FD3FA5800F3A6C9 /* testMLTests */ = {
			isa = PBXNativeTarget;
			buildConfigurationList = 639171A21FD3FA5800F3A6C9 /* Build configuration list for PBXNativeTarget "testMLTests" */;
			buildPhases = (
				639171871FD3FA5800F3A6C9 /* Sources */,
				639171881FD3FA5800F3A6C9 /* Frameworks */,
				639171891FD3FA5800F3A6C9 /* Resources */,
			);
			buildRules = (
			);
			dependencies = (
				6391718D1FD3FA5800F3A6C9 /* PBXTargetDependency */,
			);
			name = testMLTests;
			productName = testMLTests;
			productReference = 6391718B1FD3FA5800F3A6C9 /* testMLTests.xctest */;
			productType = "com.apple.product-type.bundle.unit-test";
		};
		639171951FD3FA5800F3A6C9 /* testMLUITests */ = {
			isa = PBXNativeTarget;
			buildConfigurationList = 639171A51FD3FA5800F3A6C9 /* Build configuration list for PBXNativeTarget "testMLUITests" */;
			buildPhases = (
				639171921FD3FA5800F3A6C9 /* Sources */,
				639171931FD3FA5800F3A6C9 /* Frameworks */,
				639171941FD3FA5800F3A6C9 /* Resources */,
			);
			buildRules = (
			);
			dependencies = (
				639171981FD3FA5800F3A6C9 /* PBXTargetDependency */,
			);
			name = testMLUITests;
			productName = testMLUITests;
			productReference = 639171961FD3FA5800F3A6C9 /* testMLUITests.xctest */;
			productType = "com.apple.product-type.bundle.ui-testing";
		};
/* End PBXNativeTarget section */

/* Begin PBXProject section */
		6391716F1FD3FA5800F3A6C9 /* Project object */ = {
			isa = PBXProject;
			attributes = {
				LastSwiftUpdateCheck = 0910;
				LastUpgradeCheck = 0910;
				ORGANIZATIONNAME = "David Kababyan";
				TargetAttributes = {
					639171761FD3FA5800F3A6C9 = {
						CreatedOnToolsVersion = 9.1;
						ProvisioningStyle = Automatic;
					};
					6391718A1FD3FA5800F3A6C9 = {
						CreatedOnToolsVersion = 9.1;
						ProvisioningStyle = Automatic;
						TestTargetID = 639171761FD3FA5800F3A6C9;
					};
					639171951FD3FA5800F3A6C9 = {
						CreatedOnToolsVersion = 9.1;
						ProvisioningStyle = Automatic;
						TestTargetID = 639171761FD3FA5800F3A6C9;
					};
				};
			};
			buildConfigurationList = 639171721FD3FA5800F3A6C9 /* Build configuration list for PBXProject "testML" */;
			compatibilityVersion = "Xcode 8.0";
			developmentRegion = en;
			hasScannedForEncodings = 0;
			knownRegions = (
				en,
				Base,
			);
			mainGroup = 6391716E1FD3FA5800F3A6C9;
			productRefGroup = 639171781FD3FA5800F3A6C9 /* Products */;
			projectDirPath = "";
			projectRoot = "";
			targets = (
				639171761FD3FA5800F3A6C9 /* testML */,
				6391718A1FD3FA5800F3A6C9 /* testMLTests */,
				639171951FD3FA5800F3A6C9 /* testMLUITests */,
			);
		};
/* End PBXProject section */

/* Begin PBXResourcesBuildPhase section */
		639171751FD3FA5800F3A6C9 /* Resources */ = {
			isa = PBXResourcesBuildPhase;
			buildActionMask = 2147483647;
			files = (
				639171851FD3FA5800F3A6C9 /* LaunchScreen.storyboard in Resources */,
				639171821FD3FA5800F3A6C9 /* Assets.xcassets in Resources */,
				639171801FD3FA5800F3A6C9 /* Main.storyboard in Resources */,
			);
			runOnlyForDeploymentPostprocessing = 0;
		};
		639171891FD3FA5800F3A6C9 /* Resources */ = {
			isa = PBXResourcesBuildPhase;
			buildActionMask = 2147483647;
			files = (
			);
			runOnlyForDeploymentPostprocessing = 0;
		};
		639171941FD3FA5800F3A6C9 /* Resources */ = {
			isa = PBXResourcesBuildPhase;
			buildActionMask = 2147483647;
			files = (
			);
			runOnlyForDeploymentPostprocessing = 0;
		};
/* End PBXResourcesBuildPhase section */

/* Begin PBXSourcesBuildPhase section */
		639171731FD3FA5800F3A6C9 /* Sources */ = {
			isa = PBXSourcesBuildPhase;
			buildActionMask = 2147483647;
			files = (
				6391717D1FD3FA5800F3A6C9 /* ViewController.swift in Sources */,
				639171AB1FD3FE4D00F3A6C9 /* Resnet50.mlmodel in Sources */,
				6391717B1FD3FA5800F3A6C9 /* AppDelegate.swift in Sources */,
			);
			runOnlyForDeploymentPostprocessing = 0;
		};
		639171871FD3FA5800F3A6C9 /* Sources */ = {
			isa = PBXSourcesBuildPhase;
			buildActionMask = 2147483647;
			files = (
				639171901FD3FA5800F3A6C9 /* testMLTests.swift in Sources */,
			);
			runOnlyForDeploymentPostprocessing = 0;
		};
		639171921FD3FA5800F3A6C9 /* Sources */ = {
			isa = PBXSourcesBuildPhase;
			buildActionMask = 2147483647;
			files = (
				6391719B1FD3FA5800F3A6C9 /* testMLUITests.swift in Sources */,
			);
			runOnlyForDeploymentPostprocessing = 0;
		};
/* End PBXSourcesBuildPhase section */

/* Begin PBXTargetDependency section */
		6391718D1FD3FA5800F3A6C9 /* PBXTargetDependency */ = {
			isa = PBXTargetDependency;
			target = 639171761FD3FA5800F3A6C9 /* testML */;
			targetProxy = 6391718C1FD3FA5800F3A6C9 /* PBXContainerItemProxy */;
		};
		639171981FD3FA5800F3A6C9 /* PBXTargetDependency */ = {
			isa = PBXTargetDependency;
			target = 639171761FD3FA5800F3A6C9 /* testML */;
			targetProxy = 639171971FD3FA5800F3A6C9 /* PBXContainerItemProxy */;
		};
/* End PBXTargetDependency section */

/* Begin PBXVariantGroup section */
		6391717E1FD3FA5800F3A6C9 /* Main.storyboard */ = {
			isa = PBXVariantGroup;
			children = (
				6391717F1FD3FA5800F3A6C9 /* Base */,
			);
			name = Main.storyboard;
			sourceTree = "<group>";
		};
		639171831FD3FA5800F3A6C9 /* LaunchScreen.storyboard */ = {
			isa = PBXVariantGroup;
			children = (
				639171841FD3FA5800F3A6C9 /* Base */,
			);
			name = LaunchScreen.storyboard;
			sourceTree = "<group>";
		};
/* End PBXVariantGroup section */

/* Begin XCBuildConfiguration section */
		6391719D1FD3FA5800F3A6C9 /* Debug */ = {
			isa = XCBuildConfiguration;
			buildSettings = {
				ALWAYS_SEARCH_USER_PATHS = NO;
				CLANG_ANALYZER_NONNULL = YES;
				CLANG_ANALYZER_NUMBER_OBJECT_CONVERSION = YES_AGGRESSIVE;
				CLANG_CXX_LANGUAGE_STANDARD = "gnu++14";
				CLANG_CXX_LIBRARY = "libc++";
				CLANG_ENABLE_MODULES = YES;
				CLANG_ENABLE_OBJC_ARC = YES;
				CLANG_WARN_BLOCK_CAPTURE_AUTORELEASING = YES;
				CLANG_WARN_BOOL_CONVERSION = YES;
				CLANG_WARN_COMMA = YES;
				CLANG_WARN_CONSTANT_CONVERSION = YES;
				CLANG_WARN_DIRECT_OBJC_ISA_USAGE = YES_ERROR;
				CLANG_WARN_DOCUMENTATION_COMMENTS = YES;
				CLANG_WARN_EMPTY_BODY = YES;
				CLANG_WARN_ENUM_CONVERSION = YES;
				CLANG_WARN_INFINITE_RECURSION = YES;
				CLANG_WARN_INT_CONVERSION = YES;
				CLANG_WARN_NON_LITERAL_NULL_CONVERSION = YES;
				CLANG_WARN_OBJC_LITERAL_CONVERSION = YES;
				CLANG_WARN_OBJC_ROOT_CLASS = YES_ERROR;
				CLANG_WARN_RANGE_LOOP_ANALYSIS = YES;
				CLANG_WARN_STRICT_PROTOTYPES = YES;
				CLANG_WARN_SUSPICIOUS_MOVE = YES;
				CLANG_WARN_UNGUARDED_AVAILABILITY = YES_AGGRESSIVE;
				CLANG_WARN_UNREACHABLE_CODE = YES;
				CLANG_WARN__DUPLICATE_METHOD_MATCH = YES;
				CODE_SIGN_IDENTITY = "iPhone Developer";
				COPY_PHASE_STRIP = NO;
				DEBUG_INFORMATION_FORMAT = dwarf;
				ENABLE_STRICT_OBJC_MSGSEND = YES;
				ENABLE_TESTABILITY = YES;
				GCC_C_LANGUAGE_STANDARD = gnu11;
				GCC_DYNAMIC_NO_PIC = NO;
				GCC_NO_COMMON_BLOCKS = YES;
				GCC_OPTIMIZATION_LEVEL = 0;
				GCC_PREPROCESSOR_DEFINITIONS = (
					"DEBUG=1",
					"$(inherited)",
				);
				GCC_WARN_64_TO_32_BIT_CONVERSION = YES;
				GCC_WARN_ABOUT_RETURN_TYPE = YES_ERROR;
				GCC_WARN_UNDECLARED_SELECTOR = YES;
				GCC_WARN_UNINITIALIZED_AUTOS = YES_AGGRESSIVE;
				GCC_WARN_UNUSED_FUNCTION = YES;
				GCC_WARN_UNUSED_VARIABLE = YES;
				IPHONEOS_DEPLOYMENT_TARGET = 11.1;
				MTL_ENABLE_DEBUG_INFO = YES;
				ONLY_ACTIVE_ARCH = YES;
				SDKROOT = iphoneos;
				SWIFT_ACTIVE_COMPILATION_CONDITIONS = DEBUG;
				SWIFT_OPTIMIZATION_LEVEL = "-Onone";
			};
			name = Debug;
		};
		6391719E1FD3FA5800F3A6C9 /* Release */ = {
			isa = XCBuildConfiguration;
			buildSettings = {
				ALWAYS_SEARCH_USER_PATHS = NO;
				CLANG_ANALYZER_NONNULL = YES;
				CLANG_ANALYZER_NUMBER_OBJECT_CONVERSION = YES_AGGRESSIVE;
				CLANG_CXX_LANGUAGE_STANDARD = "gnu++14";
				CLANG_CXX_LIBRARY = "libc++";
				CLANG_ENABLE_MODULES = YES;
				CLANG_ENABLE_OBJC_ARC = YES;
				CLANG_WARN_BLOCK_CAPTURE_AUTORELEASING = YES;
				CLANG_WARN_BOOL_CONVERSION = YES;
				CLANG_WARN_COMMA = YES;
				CLANG_WARN_CONSTANT_CONVERSION = YES;
				CLANG_WARN_DIRECT_OBJC_ISA_USAGE = YES_ERROR;
				CLANG_WARN_DOCUMENTATION_COMMENTS = YES;
				CLANG_WARN_EMPTY_BODY = YES;
				CLANG_WARN_ENUM_CONVERSION = YES;
				CLANG_WARN_INFINITE_RECURSION = YES;
				CLANG_WARN_INT_CONVERSION = YES;
				CLANG_WARN_NON_LITERAL_NULL_CONVERSION = YES;
				CLANG_WARN_OBJC_LITERAL_CONVERSION = YES;
				CLANG_WARN_OBJC_ROOT_CLASS = YES_ERROR;
				CLANG_WARN_RANGE_LOOP_ANALYSIS = YES;
				CLANG_WARN_STRICT_PROTOTYPES = YES;
				CLANG_WARN_SUSPICIOUS_MOVE = YES;
				CLANG_WARN_UNGUARDED_AVAILABILITY = YES_AGGRESSIVE;
				CLANG_WARN_UNREACHABLE_CODE = YES;
				CLANG_WARN__DUPLICATE_METHOD_MATCH = YES;
				CODE_SIGN_IDENTITY = "iPhone Developer";
				COPY_PHASE_STRIP = NO;
				DEBUG_INFORMATION_FORMAT = "dwarf-with-dsym";
				ENABLE_NS_ASSERTIONS = NO;
				ENABLE_STRICT_OBJC_MSGSEND = YES;
				GCC_C_LANGUAGE_STANDARD = gnu11;
				GCC_NO_COMMON_BLOCKS = YES;
				GCC_WARN_64_TO_32_BIT_CONVERSION = YES;
				GCC_WARN_ABOUT_RETURN_TYPE = YES_ERROR;
				GCC_WARN_UNDECLARED_SELECTOR = YES;
				GCC_WARN_UNINITIALIZED_AUTOS = YES_AGGRESSIVE;
				GCC_WARN_UNUSED_FUNCTION = YES;
				GCC_WARN_UNUSED_VARIABLE = YES;
				IPHONEOS_DEPLOYMENT_TARGET = 11.1;
				MTL_ENABLE_DEBUG_INFO = NO;
				SDKROOT = iphoneos;
				SWIFT_OPTIMIZATION_LEVEL = "-Owholemodule";
				VALIDATE_PRODUCT = YES;
			};
			name = Release;
		};
		639171A01FD3FA5800F3A6C9 /* Debug */ = {
			isa = XCBuildConfiguration;
			buildSettings = {
				ASSETCATALOG_COMPILER_APPICON_NAME = AppIcon;
				CODE_SIGN_STYLE = Automatic;
				DEVELOPMENT_TEAM = 7P6AJEE272;
				INFOPLIST_FILE = testML/Info.plist;
				LD_RUNPATH_SEARCH_PATHS = "$(inherited) @executable_path/Frameworks";
				PRODUCT_BUNDLE_IDENTIFIER = com.iosdevschool.testML;
				PRODUCT_NAME = "$(TARGET_NAME)";
				SWIFT_VERSION = 4.0;
				TARGETED_DEVICE_FAMILY = "1,2";
			};
			name = Debug;
		};
		639171A11FD3FA5800F3A6C9 /* Release */ = {
			isa = XCBuildConfiguration;
			buildSettings = {
				ASSETCATALOG_COMPILER_APPICON_NAME = AppIcon;
				CODE_SIGN_STYLE = Automatic;
				DEVELOPMENT_TEAM = 7P6AJEE272;
				INFOPLIST_FILE = testML/Info.plist;
				LD_RUNPATH_SEARCH_PATHS = "$(inherited) @executable_path/Frameworks";
				PRODUCT_BUNDLE_IDENTIFIER = com.iosdevschool.testML;
				PRODUCT_NAME = "$(TARGET_NAME)";
				SWIFT_VERSION = 4.0;
				TARGETED_DEVICE_FAMILY = "1,2";
			};
			name = Release;
		};
		639171A31FD3FA5800F3A6C9 /* Debug */ = {
			isa = XCBuildConfiguration;
			buildSettings = {
				ALWAYS_EMBED_SWIFT_STANDARD_LIBRARIES = YES;
				BUNDLE_LOADER = "$(TEST_HOST)";
				CODE_SIGN_STYLE = Automatic;
				DEVELOPMENT_TEAM = 7P6AJEE272;
				INFOPLIST_FILE = testMLTests/Info.plist;
				LD_RUNPATH_SEARCH_PATHS = "$(inherited) @executable_path/Frameworks @loader_path/Frameworks";
				PRODUCT_BUNDLE_IDENTIFIER = com.iosdevschool.testMLTests;
				PRODUCT_NAME = "$(TARGET_NAME)";
				SWIFT_VERSION = 4.0;
				TARGETED_DEVICE_FAMILY = "1,2";
				TEST_HOST = "$(BUILT_PRODUCTS_DIR)/testML.app/testML";
			};
			name = Debug;
		};
		639171A41FD3FA5800F3A6C9 /* Release */ = {
			isa = XCBuildConfiguration;
			buildSettings = {
				ALWAYS_EMBED_SWIFT_STANDARD_LIBRARIES = YES;
				BUNDLE_LOADER = "$(TEST_HOST)";
				CODE_SIGN_STYLE = Automatic;
				DEVELOPMENT_TEAM = 7P6AJEE272;
				INFOPLIST_FILE = testMLTests/Info.plist;
				LD_RUNPATH_SEARCH_PATHS = "$(inherited) @executable_path/Frameworks @loader_path/Frameworks";
				PRODUCT_BUNDLE_IDENTIFIER = com.iosdevschool.testMLTests;
				PRODUCT_NAME = "$(TARGET_NAME)";
				SWIFT_VERSION = 4.0;
				TARGETED_DEVICE_FAMILY = "1,2";
				TEST_HOST = "$(BUILT_PRODUCTS_DIR)/testML.app/testML";
			};
			name = Release;
		};
		639171A61FD3FA5800F3A6C9 /* Debug */ = {
			isa = XCBuildConfiguration;
			buildSettings = {
				ALWAYS_EMBED_SWIFT_STANDARD_LIBRARIES = YES;
				CODE_SIGN_STYLE = Automatic;
				DEVELOPMENT_TEAM = 7P6AJEE272;
				INFOPLIST_FILE = testMLUITests/Info.plist;
				LD_RUNPATH_SEARCH_PATHS = "$(inherited) @executable_path/Frameworks @loader_path/Frameworks";
				PRODUCT_BUNDLE_IDENTIFIER = com.iosdevschool.testMLUITests;
				PRODUCT_NAME = "$(TARGET_NAME)";
				SWIFT_VERSION = 4.0;
				TARGETED_DEVICE_FAMILY = "1,2";
				TEST_TARGET_NAME = testML;
			};
			name = Debug;
		};
		639171A71FD3FA5800F3A6C9 /* Release */ = {
			isa = XCBuildConfiguration;
			buildSettings = {
				ALWAYS_EMBED_SWIFT_STANDARD_LIBRARIES = YES;
				CODE_SIGN_STYLE = Automatic;
				DEVELOPMENT_TEAM = 7P6AJEE272;
				INFOPLIST_FILE = testMLUITests/Info.plist;
				LD_RUNPATH_SEARCH_PATHS = "$(inherited) @executable_path/Frameworks @loader_path/Frameworks";
				PRODUCT_BUNDLE_IDENTIFIER = com.iosdevschool.testMLUITests;
				PRODUCT_NAME = "$(TARGET_NAME)";
				SWIFT_VERSION = 4.0;
				TARGETED_DEVICE_FAMILY = "1,2";
				TEST_TARGET_NAME = testML;
			};
			name = Release;
		};
/* End XCBuildConfiguration section */

/* Begin XCConfigurationList section */
		639171721FD3FA5800F3A6C9 /* Build configuration list for PBXProject "testML" */ = {
			isa = XCConfigurationList;
			buildConfigurations = (
				6391719D1FD3FA5800F3A6C9 /* Debug */,
				6391719E1FD3FA5800F3A6C9 /* Release */,
			);
			defaultConfigurationIsVisible = 0;
			defaultConfigurationName = Release;
		};
		6391719F1FD3FA5800F3A6C9 /* Build configuration list for PBXNativeTarget "testML" */ = {
			isa = XCConfigurationList;
			buildConfigurations = (
				639171A01FD3FA5800F3A6C9 /* Debug */,
				639171A11FD3FA5800F3A6C9 /* Release */,
			);
			defaultConfigurationIsVisible = 0;
			defaultConfigurationName = Release;
		};
		639171A21FD3FA5800F3A6C9 /* Build configuration list for PBXNativeTarget "testMLTests" */ = {
			isa = XCConfigurationList;
			buildConfigurations = (
				639171A31FD3FA5800F3A6C9 /* Debug */,
				639171A41FD3FA5800F3A6C9 /* Release */,
			);
			defaultConfigurationIsVisible = 0;
			defaultConfigurationName = Release;
		};
		639171A51FD3FA5800F3A6C9 /* Build configuration list for PBXNativeTarget "testMLUITests" */ = {
			isa = XCConfigurationList;
			buildConfigurations = (
				639171A61FD3FA5800F3A6C9 /* Debug */,
				639171A71FD3FA5800F3A6C9 /* Release */,
			);
			defaultConfigurationIsVisible = 0;
			defaultConfigurationName = Release;
		};
/* End XCConfigurationList section */
	};
	rootObject = 6391716F1FD3FA5800F3A6C9 /* Project object */;
}
